
Microsoft Visual Studio Solution File, Format Version 12.00
# Visual Studio Version 16
VisualStudioVersion = 16.0.30002.166
MinimumVisualStudioVersion = 10.0.40219.1
Project("{2150E333-8FDC-42A3-9474-1A3956D46DE8}") = "Solution Items", "Solution Items", "{41EC3AE3-6F9D-4AC3-8755-DDE0E7973693}"
	ProjectSection(SolutionItems) = preProject
		.editorconfig = .editorconfig
	EndProjectSection
EndProject
Project("{9A19103F-16F7-4668-BE54-9A1E7A4F7556}") = "NetGL", "NetGL\NetGL.csproj", "{B57277E8-76A9-4BA7-88EF-A6E9D8450104}"
EndProject
Project("{8BC9CEB8-8B4A-11D0-8D11-00A0C91BC942}") = "WinGL", "WinGL\WinGL.vcxproj", "{E3DE283F-1815-4313-94E2-87FBCFA92FC8}"
EndProject
Project("{9A19103F-16F7-4668-BE54-9A1E7A4F7556}") = "Test", "Test\Test.csproj", "{BD51781B-5C5C-46C0-9AF0-EB7D67B767CE}"
EndProject
Project("{9A19103F-16F7-4668-BE54-9A1E7A4F7556}") = "MinecraftNetCore", "MinecraftNetCore\MinecraftNetCore.csproj", "{57795EE8-56E4-4F56-AEAD-F532CB0FE9F9}"
EndProject
Project("{FAE04EC0-301F-11D3-BF4B-00C04F79EFBC}") = "CoreDisplayPlugin", "CoreDisplayPlugin\CoreDisplayPlugin.csproj", "{9E1A06D6-6844-443C-A74A-357411970ED4}"
EndProject
Project("{2150E333-8FDC-42A3-9474-1A3956D46DE8}") = "Plugins", "Plugins", "{486710AF-8654-478F-B9EC-991BBA871EBB}"
EndProject
Global
	GlobalSection(SolutionConfigurationPlatforms) = preSolution
		Debug|Any CPU = Debug|Any CPU
		Debug|x64 = Debug|x64
		Debug|x86 = Debug|x86
		Release|Any CPU = Release|Any CPU
		Release|x64 = Release|x64
		Release|x86 = Release|x86
	EndGlobalSection
	GlobalSection(ProjectConfigurationPlatforms) = postSolution
		{B57277E8-76A9-4BA7-88EF-A6E9D8450104}.Debug|Any CPU.ActiveCfg = Debug|Any CPU
		{B57277E8-76A9-4BA7-88EF-A6E9D8450104}.Debug|Any CPU.Build.0 = Debug|Any CPU
		{B57277E8-76A9-4BA7-88EF-A6E9D8450104}.Debug|x64.ActiveCfg = Debug|Any CPU
		{B57277E8-76A9-4BA7-88EF-A6E9D8450104}.Debug|x64.Build.0 = Debug|Any CPU
		{B57277E8-76A9-4BA7-88EF-A6E9D8450104}.Debug|x86.ActiveCfg = Debug|Any CPU
		{B57277E8-76A9-4BA7-88EF-A6E9D8450104}.Debug|x86.Build.0 = Debug|Any CPU
		{B57277E8-76A9-4BA7-88EF-A6E9D8450104}.Release|Any CPU.ActiveCfg = Release|Any CPU
		{B57277E8-76A9-4BA7-88EF-A6E9D8450104}.Release|Any CPU.Build.0 = Release|Any CPU
		{B57277E8-76A9-4BA7-88EF-A6E9D8450104}.Release|x64.ActiveCfg = Release|Any CPU
		{B57277E8-76A9-4BA7-88EF-A6E9D8450104}.Release|x64.Build.0 = Release|Any CPU
		{B57277E8-76A9-4BA7-88EF-A6E9D8450104}.Release|x86.ActiveCfg = Release|Any CPU
		{B57277E8-76A9-4BA7-88EF-A6E9D8450104}.Release|x86.Build.0 = Release|Any CPU
		{E3DE283F-1815-4313-94E2-87FBCFA92FC8}.Debug|Any CPU.ActiveCfg = Debug|Win32
		{E3DE283F-1815-4313-94E2-87FBCFA92FC8}.Debug|Any CPU.Build.0 = Debug|Win32
		{E3DE283F-1815-4313-94E2-87FBCFA92FC8}.Debug|x64.ActiveCfg = Debug|x64
		{E3DE283F-1815-4313-94E2-87FBCFA92FC8}.Debug|x64.Build.0 = Debug|x64
		{E3DE283F-1815-4313-94E2-87FBCFA92FC8}.Debug|x86.ActiveCfg = Debug|Win32
		{E3DE283F-1815-4313-94E2-87FBCFA92FC8}.Debug|x86.Build.0 = Debug|Win32
		{E3DE283F-1815-4313-94E2-87FBCFA92FC8}.Release|Any CPU.ActiveCfg = Release|Win32
		{E3DE283F-1815-4313-94E2-87FBCFA92FC8}.Release|x64.ActiveCfg = Release|x64
		{E3DE283F-1815-4313-94E2-87FBCFA92FC8}.Release|x64.Build.0 = Release|x64
		{E3DE283F-1815-4313-94E2-87FBCFA92FC8}.Release|x86.ActiveCfg = Release|Win32
		{E3DE283F-1815-4313-94E2-87FBCFA92FC8}.Release|x86.Build.0 = Release|Win32
		{BD51781B-5C5C-46C0-9AF0-EB7D67B767CE}.Debug|Any CPU.ActiveCfg = Debug|Any CPU
		{BD51781B-5C5C-46C0-9AF0-EB7D67B767CE}.Debug|Any CPU.Build.0 = Debug|Any CPU
		{BD51781B-5C5C-46C0-9AF0-EB7D67B767CE}.Debug|x64.ActiveCfg = Debug|Any CPU
		{BD51781B-5C5C-46C0-9AF0-EB7D67B767CE}.Debug|x64.Build.0 = Debug|Any CPU
		{BD51781B-5C5C-46C0-9AF0-EB7D67B767CE}.Debug|x86.ActiveCfg = Debug|Any CPU
		{BD51781B-5C5C-46C0-9AF0-EB7D67B767CE}.Debug|x86.Build.0 = Debug|Any CPU
		{BD51781B-5C5C-46C0-9AF0-EB7D67B767CE}.Release|Any CPU.ActiveCfg = Release|Any CPU
		{BD51781B-5C5C-46C0-9AF0-EB7D67B767CE}.Release|Any CPU.Build.0 = Release|Any CPU
		{BD51781B-5C5C-46C0-9AF0-EB7D67B767CE}.Release|x64.ActiveCfg = Release|Any CPU
		{BD51781B-5C5C-46C0-9AF0-EB7D67B767CE}.Release|x64.Build.0 = Release|Any CPU
		{BD51781B-5C5C-46C0-9AF0-EB7D67B767CE}.Release|x86.ActiveCfg = Release|Any CPU
		{BD51781B-5C5C-46C0-9AF0-EB7D67B767CE}.Release|x86.Build.0 = Release|Any CPU
		{57795EE8-56E4-4F56-AEAD-F532CB0FE9F9}.Debug|Any CPU.ActiveCfg = Debug|Any CPU
		{57795EE8-56E4-4F56-AEAD-F532CB0FE9F9}.Debug|Any CPU.Build.0 = Debug|Any CPU
		{57795EE8-56E4-4F56-AEAD-F532CB0FE9F9}.Debug|x64.ActiveCfg = Debug|Any CPU
		{57795EE8-56E4-4F56-AEAD-F532CB0FE9F9}.Debug|x64.Build.0 = Debug|Any CPU
		{57795EE8-56E4-4F56-AEAD-F532CB0FE9F9}.Debug|x86.ActiveCfg = Debug|Any CPU
		{57795EE8-56E4-4F56-AEAD-F532CB0FE9F9}.Debug|x86.Build.0 = Debug|Any CPU
		{57795EE8-56E4-4F56-AEAD-F532CB0FE9F9}.Release|Any CPU.ActiveCfg = Release|Any CPU
		{57795EE8-56E4-4F56-AEAD-F532CB0FE9F9}.Release|Any CPU.Build.0 = Release|Any CPU
		{57795EE8-56E4-4F56-AEAD-F532CB0FE9F9}.Release|x64.ActiveCfg = Release|Any CPU
		{57795EE8-56E4-4F56-AEAD-F532CB0FE9F9}.Release|x64.Build.0 = Release|Any CPU
		{57795EE8-56E4-4F56-AEAD-F532CB0FE9F9}.Release|x86.ActiveCfg = Release|Any CPU
		{57795EE8-56E4-4F56-AEAD-F532CB0FE9F9}.Release|x86.Build.0 = Release|Any CPU
		{9E1A06D6-6844-443C-A74A-357411970ED4}.Debug|Any CPU.ActiveCfg = Debug|Any CPU
		{9E1A06D6-6844-443C-A74A-357411970ED4}.Debug|Any CPU.Build.0 = Debug|Any CPU
		{9E1A06D6-6844-443C-A74A-357411970ED4}.Debug|x64.ActiveCfg = Debug|Any CPU
		{9E1A06D6-6844-443C-A74A-357411970ED4}.Debug|x64.Build.0 = Debug|Any CPU
		{9E1A06D6-6844-443C-A74A-357411970ED4}.Debug|x86.ActiveCfg = Debug|Any CPU
		{9E1A06D6-6844-443C-A74A-357411970ED4}.Debug|x86.Build.0 = Debug|Any CPU
		{9E1A06D6-6844-443C-A74A-357411970ED4}.Release|Any CPU.ActiveCfg = Release|Any CPU
		{9E1A06D6-6844-443C-A74A-357411970ED4}.Release|Any CPU.Build.0 = Release|Any CPU
		{9E1A06D6-6844-443C-A74A-357411970ED4}.Release|x64.ActiveCfg = Release|Any CPU
		{9E1A06D6-6844-443C-A74A-357411970ED4}.Release|x64.Build.0 = Release|Any CPU
		{9E1A06D6-6844-443C-A74A-357411970ED4}.Release|x86.ActiveCfg = Release|Any CPU
		{9E1A06D6-6844-443C-A74A-357411970ED4}.Release|x86.Build.0 = Release|Any CPU
	EndGlobalSection
	GlobalSection(SolutionProperties) = preSolution
		HideSolutionNode = FALSE
	EndGlobalSection
	GlobalSection(NestedProjects) = preSolution
		{9E1A06D6-6844-443C-A74A-357411970ED4} = {486710AF-8654-478F-B9EC-991BBA871EBB}
	EndGlobalSection
	GlobalSection(ExtensibilityGlobals) = postSolution
		SolutionGuid = {586F7A28-6EC1-4CB6-813F-A601E57BA070}
	EndGlobalSection
EndGlobal
